
Microsoft Visual Studio Solution File, Format Version 12.00
# Visual Studio Version 17
VisualStudioVersion = 17.4.33213.308
MinimumVisualStudioVersion = 10.0.40219.1
Project("{888888A0-9F3D-457C-B088-3A5042F75D52}") = "CompanyXXX", "CompanyXXX\CompanyXXX.pyproj", "{2F5F7F04-4A47-4ADF-9E0F-62C8D8217445}"
EndProject
Global
	GlobalSection(SolutionConfigurationPlatforms) = preSolution
		Debug|Any CPU = Debug|Any CPU
		Release|Any CPU = Release|Any CPU
	EndGlobalSection
	GlobalSection(ProjectConfigurationPlatforms) = postSolution
		{2F5F7F04-4A47-4ADF-9E0F-62C8D8217445}.Debug|Any CPU.ActiveCfg = Debug|Any CPU
		{2F5F7F04-4A47-4ADF-9E0F-62C8D8217445}.Release|Any CPU.ActiveCfg = Release|Any CPU
	EndGlobalSection
	GlobalSection(SolutionProperties) = preSolution
		HideSolutionNode = FALSE
	EndGlobalSection
	GlobalSection(ExtensibilityGlobals) = postSolution
		SolutionGuid = {CF6AD126-1DDA-44DF-8C10-742CF2E53F2D}
	EndGlobalSection
EndGlobal
